{
  "lockfileVersion": 1,
  "configVersion": 1,
  "workspaces": {
    "": {
      "name": "claude-bot-companion",
      "dependencies": {
        "node-cron": "^3.0.3",
      },
      "devDependencies": {
        "@types/node-cron": "^3.0.11",
      },
    },
  },
  "packages": {
    "@types/node-cron": ["@types/node-cron@3.0.11", "", {}, "sha512-0ikrnug3/IyneSHqCBeslAhlK2aBfYek1fGo4bP4QnZPmiqSGRK+Oy7ZMisLWkesffJvQ1cqAcBnJC+8+nxIAg=="],

    "node-cron": ["node-cron@3.0.3", "", { "dependencies": { "uuid": "8.3.2" } }, "sha512-dOal67//nohNgYWb+nWmg5dkFdIwDm8EpeGYMekPMrngV3637lqnX0lbUcCtgibHTz6SEz7DAIjKvKDFYCnO1A=="],

    "uuid": ["uuid@8.3.2", "", { "bin": { "uuid": "dist/bin/uuid" } }, "sha512-+NYs2QeMWy+GWFOEm9xnn6HCDp0l7QBD7ml8zLUmJ+93Q5NF0NocErnwkTkXVFNiX3/fpC6afS8Dhb/gz7R7eg=="],
  }
}
